
Microsoft Visual Studio Solution File, Format Version 12.00
# Visual Studio Version 17
VisualStudioVersion = 17.4.33213.308
MinimumVisualStudioVersion = 10.0.40219.1
Project("{FAE04EC0-301F-11D3-BF4B-00C04F79EFBC}") = "tutorialApi", "tutorialApi\tutorialApi.csproj", "{433CB448-FD68-4425-950A-BA5A314A3F46}"
EndProject
Project("{FAE04EC0-301F-11D3-BF4B-00C04F79EFBC}") = "tutorial.client", "tutorial.client\tutorial.client.csproj", "{C4AB7DF8-20B5-4E5F-BD76-C4238D0A378A}"
EndProject
Global
	GlobalSection(SolutionConfigurationPlatforms) = preSolution
		Debug|Any CPU = Debug|Any CPU
		Release|Any CPU = Release|Any CPU
	EndGlobalSection
	GlobalSection(ProjectConfigurationPlatforms) = postSolution
		{433CB448-FD68-4425-950A-BA5A314A3F46}.Debug|Any CPU.ActiveCfg = Debug|Any CPU
		{433CB448-FD68-4425-950A-BA5A314A3F46}.Debug|Any CPU.Build.0 = Debug|Any CPU
		{433CB448-FD68-4425-950A-BA5A314A3F46}.Release|Any CPU.ActiveCfg = Release|Any CPU
		{433CB448-FD68-4425-950A-BA5A314A3F46}.Release|Any CPU.Build.0 = Release|Any CPU
		{C4AB7DF8-20B5-4E5F-BD76-C4238D0A378A}.Debug|Any CPU.ActiveCfg = Debug|Any CPU
		{C4AB7DF8-20B5-4E5F-BD76-C4238D0A378A}.Debug|Any CPU.Build.0 = Debug|Any CPU
		{C4AB7DF8-20B5-4E5F-BD76-C4238D0A378A}.Release|Any CPU.ActiveCfg = Release|Any CPU
		{C4AB7DF8-20B5-4E5F-BD76-C4238D0A378A}.Release|Any CPU.Build.0 = Release|Any CPU
	EndGlobalSection
	GlobalSection(SolutionProperties) = preSolution
		HideSolutionNode = FALSE
	EndGlobalSection
	GlobalSection(ExtensibilityGlobals) = postSolution
		SolutionGuid = {42110C66-2D7F-4076-ACDA-5ACCB2687DDF}
	EndGlobalSection
EndGlobal
